// !$*UTF8*$!
{
	archiveVersion = 1;
	classes = {
	};
	objectVersion = 46;
	objects = {

/* Begin PBXBuildFile section */
		5A44C89E1825AA4C00A06444 /* DemoViewController.m in Sources */ = {isa = PBXBuildFile; fileRef = 5A44C89D1825AA4C00A06444 /* DemoViewController.m */; };
		5A85D150182526C2004B7E96 /* Foundation.framework in Frameworks */ = {isa = PBXBuildFile; fileRef = 5A85D14F182526C2004B7E96 /* Foundation.framework */; };
		5A85D152182526C2004B7E96 /* CoreGraphics.framework in Frameworks */ = {isa = PBXBuildFile; fileRef = 5A85D151182526C2004B7E96 /* CoreGraphics.framework */; };
		5A85D154182526C2004B7E96 /* UIKit.framework in Frameworks */ = {isa = PBXBuildFile; fileRef = 5A85D153182526C2004B7E96 /* UIKit.framework */; };
		5A85D15A182526C2004B7E96 /* InfoPlist.strings in Resources */ = {isa = PBXBuildFile; fileRef = 5A85D158182526C2004B7E96 /* InfoPlist.strings */; };
		5A85D15C182526C2004B7E96 /* main.m in Sources */ = {isa = PBXBuildFile; fileRef = 5A85D15B182526C2004B7E96 /* main.m */; };
		5A85D160182526C2004B7E96 /* ECAppDelegate.m in Sources */ = {isa = PBXBuildFile; fileRef = 5A85D15F182526C2004B7E96 /* ECAppDelegate.m */; };
		5A85D163182526C2004B7E96 /* Main.storyboard in Resources */ = {isa = PBXBuildFile; fileRef = 5A85D161182526C2004B7E96 /* Main.storyboard */; };
		5A85D168182526C2004B7E96 /* Images.xcassets in Resources */ = {isa = PBXBuildFile; fileRef = 5A85D167182526C2004B7E96 /* Images.xcassets */; };
		5A85D16F182526C2004B7E96 /* XCTest.framework in Frameworks */ = {isa = PBXBuildFile; fileRef = 5A85D16E182526C2004B7E96 /* XCTest.framework */; };
		5A85D170182526C2004B7E96 /* Foundation.framework in Frameworks */ = {isa = PBXBuildFile; fileRef = 5A85D14F182526C2004B7E96 /* Foundation.framework */; };
		5A85D171182526C2004B7E96 /* UIKit.framework in Frameworks */ = {isa = PBXBuildFile; fileRef = 5A85D153182526C2004B7E96 /* UIKit.framework */; };
		5A85D179182526C2004B7E96 /* InfoPlist.strings in Resources */ = {isa = PBXBuildFile; fileRef = 5A85D177182526C2004B7E96 /* InfoPlist.strings */; };
		5A85D17B182526C2004B7E96 /* ExtensiveCellTests.m in Sources */ = {isa = PBXBuildFile; fileRef = 5A85D17A182526C2004B7E96 /* ExtensiveCellTests.m */; };
		5A9DF66A182D6C31008C37C0 /* ECViewController.m in Sources */ = {isa = PBXBuildFile; fileRef = 5A9DF669182D6C31008C37C0 /* ECViewController.m */; };
		5A9DF66E182D6C45008C37C0 /* ExtensiveCellContainer.m in Sources */ = {isa = PBXBuildFile; fileRef = 5A9DF66C182D6C45008C37C0 /* ExtensiveCellContainer.m */; };
		5A9DF66F182D6C45008C37C0 /* ExtensiveCellContainer.xib in Resources */ = {isa = PBXBuildFile; fileRef = 5A9DF66D182D6C45008C37C0 /* ExtensiveCellContainer.xib */; };
/* End PBXBuildFile section */

/* Begin PBXContainerItemProxy section */
		5A85D172182526C2004B7E96 /* PBXContainerItemProxy */ = {
			isa = PBXContainerItemProxy;
			containerPortal = 5A85D144182526C2004B7E96 /* Project object */;
			proxyType = 1;
			remoteGlobalIDString = 5A85D14B182526C2004B7E96;
			remoteInfo = ExtensiveCell;
		};
/* End PBXContainerItemProxy section */

/* Begin PBXFileReference section */
		5A44C89C1825AA4C00A06444 /* DemoViewController.h */ = {isa = PBXFileReference; fileEncoding = 4; lastKnownFileType = sourcecode.c.h; name = DemoViewController.h; path = ExtensiveCell/DemoViewController.h; sourceTree = "<group>"; };
		5A44C89D1825AA4C00A06444 /* DemoViewController.m */ = {isa = PBXFileReference; fileEncoding = 4; lastKnownFileType = sourcecode.c.objc; name = DemoViewController.m; path = ExtensiveCell/DemoViewController.m; sourceTree = "<group>"; };
		5A85D14C182526C2004B7E96 /* ExtensiveCell.app */ = {isa = PBXFileReference; explicitFileType = wrapper.application; includeInIndex = 0; path = ExtensiveCell.app; sourceTree = BUILT_PRODUCTS_DIR; };
		5A85D14F182526C2004B7E96 /* Foundation.framework */ = {isa = PBXFileReference; lastKnownFileType = wrapper.framework; name = Foundation.framework; path = System/Library/Frameworks/Foundation.framework; sourceTree = SDKROOT; };
		5A85D151182526C2004B7E96 /* CoreGraphics.framework */ = {isa = PBXFileReference; lastKnownFileType = wrapper.framework; name = CoreGraphics.framework; path = System/Library/Frameworks/CoreGraphics.framework; sourceTree = SDKROOT; };
		5A85D153182526C2004B7E96 /* UIKit.framework */ = {isa = PBXFileReference; lastKnownFileType = wrapper.framework; name = UIKit.framework; path = System/Library/Frameworks/UIKit.framework; sourceTree = SDKROOT; };
		5A85D157182526C2004B7E96 /* ExtensiveCell-Info.plist */ = {isa = PBXFileReference; lastKnownFileType = text.plist.xml; path = "ExtensiveCell-Info.plist"; sourceTree = "<group>"; };
		5A85D159182526C2004B7E96 /* en */ = {isa = PBXFileReference; lastKnownFileType = text.plist.strings; name = en; path = en.lproj/InfoPlist.strings; sourceTree = "<group>"; };
		5A85D15B182526C2004B7E96 /* main.m */ = {isa = PBXFileReference; lastKnownFileType = sourcecode.c.objc; path = main.m; sourceTree = "<group>"; };
		5A85D15D182526C2004B7E96 /* ExtensiveCell-Prefix.pch */ = {isa = PBXFileReference; lastKnownFileType = sourcecode.c.h; path = "ExtensiveCell-Prefix.pch"; sourceTree = "<group>"; };
		5A85D15E182526C2004B7E96 /* ECAppDelegate.h */ = {isa = PBXFileReference; lastKnownFileType = sourcecode.c.h; path = ECAppDelegate.h; sourceTree = "<group>"; };
		5A85D15F182526C2004B7E96 /* ECAppDelegate.m */ = {isa = PBXFileReference; lastKnownFileType = sourcecode.c.objc; path = ECAppDelegate.m; sourceTree = "<group>"; };
		5A85D162182526C2004B7E96 /* Base */ = {isa = PBXFileReference; lastKnownFileType = file.storyboard; name = Base; path = Base.lproj/Main.storyboard; sourceTree = "<group>"; };
		5A85D167182526C2004B7E96 /* Images.xcassets */ = {isa = PBXFileReference; lastKnownFileType = folder.assetcatalog; path = Images.xcassets; sourceTree = "<group>"; };
		5A85D16D182526C2004B7E96 /* ExtensiveCellTests.xctest */ = {isa = PBXFileReference; explicitFileType = wrapper.cfbundle; includeInIndex = 0; path = ExtensiveCellTests.xctest; sourceTree = BUILT_PRODUCTS_DIR; };
		5A85D16E182526C2004B7E96 /* XCTest.framework */ = {isa = PBXFileReference; lastKnownFileType = wrapper.framework; name = XCTest.framework; path = Library/Frameworks/XCTest.framework; sourceTree = DEVELOPER_DIR; };
		5A85D176182526C2004B7E96 /* ExtensiveCellTests-Info.plist */ = {isa = PBXFileReference; lastKnownFileType = text.plist.xml; path = "ExtensiveCellTests-Info.plist"; sourceTree = "<group>"; };
		5A85D178182526C2004B7E96 /* en */ = {isa = PBXFileReference; lastKnownFileType = text.plist.strings; name = en; path = en.lproj/InfoPlist.strings; sourceTree = "<group>"; };
		5A85D17A182526C2004B7E96 /* ExtensiveCellTests.m */ = {isa = PBXFileReference; lastKnownFileType = sourcecode.c.objc; path = ExtensiveCellTests.m; sourceTree = "<group>"; };
		5A9DF668182D6C31008C37C0 /* ECViewController.h */ = {isa = PBXFileReference; fileEncoding = 4; lastKnownFileType = sourcecode.c.h; name = ECViewController.h; path = ../../../ExtensiveCell/ECViewController.h; sourceTree = "<group>"; };
		5A9DF669182D6C31008C37C0 /* ECViewController.m */ = {isa = PBXFileReference; fileEncoding = 4; lastKnownFileType = sourcecode.c.objc; name = ECViewController.m; path = ../../../ExtensiveCell/ECViewController.m; sourceTree = "<group>"; };
		5A9DF66B182D6C45008C37C0 /* ExtensiveCellContainer.h */ = {isa = PBXFileReference; fileEncoding = 4; lastKnownFileType = sourcecode.c.h; name = ExtensiveCellContainer.h; path = ../../../ExtensiveCell/ExtensiveCellContainer.h; sourceTree = "<group>"; };
		5A9DF66C182D6C45008C37C0 /* ExtensiveCellContainer.m */ = {isa = PBXFileReference; fileEncoding = 4; lastKnownFileType = sourcecode.c.objc; name = ExtensiveCellContainer.m; path = ../../../ExtensiveCell/ExtensiveCellContainer.m; sourceTree = "<group>"; };
		5A9DF66D182D6C45008C37C0 /* ExtensiveCellContainer.xib */ = {isa = PBXFileReference; fileEncoding = 4; lastKnownFileType = file.xib; name = ExtensiveCellContainer.xib; path = ../../../ExtensiveCell/ExtensiveCellContainer.xib; sourceTree = "<group>"; };
/* End PBXFileReference section */

/* Begin PBXFrameworksBuildPhase section */
		5A85D149182526C2004B7E96 /* Frameworks */ = {
			isa = PBXFrameworksBuildPhase;
			buildActionMask = 2147483647;
			files = (
				5A85D152182526C2004B7E96 /* CoreGraphics.framework in Frameworks */,
				5A85D154182526C2004B7E96 /* UIKit.framework in Frameworks */,
				5A85D150182526C2004B7E96 /* Foundation.framework in Frameworks */,
			);
			runOnlyForDeploymentPostprocessing = 0;
		};
		5A85D16A182526C2004B7E96 /* Frameworks */ = {
			isa = PBXFrameworksBuildPhase;
			buildActionMask = 2147483647;
			files = (
				5A85D16F182526C2004B7E96 /* XCTest.framework in Frameworks */,
				5A85D171182526C2004B7E96 /* UIKit.framework in Frameworks */,
				5A85D170182526C2004B7E96 /* Foundation.framework in Frameworks */,
			);
			runOnlyForDeploymentPostprocessing = 0;
		};
/* End PBXFrameworksBuildPhase section */

/* Begin PBXGroup section */
		5A85D143182526C2004B7E96 = {
			isa = PBXGroup;
			children = (
				5A85D161182526C2004B7E96 /* Main.storyboard */,
				5A44C89C1825AA4C00A06444 /* DemoViewController.h */,
				5A44C89D1825AA4C00A06444 /* DemoViewController.m */,
				5A85D155182526C2004B7E96 /* ExtensiveCell */,
				5A85D174182526C2004B7E96 /* ExtensiveCellTests */,
				5A85D14E182526C2004B7E96 /* Frameworks */,
				5A85D14D182526C2004B7E96 /* Products */,
			);
			sourceTree = "<group>";
		};
		5A85D14D182526C2004B7E96 /* Products */ = {
			isa = PBXGroup;
			children = (
				5A85D14C182526C2004B7E96 /* ExtensiveCell.app */,
				5A85D16D182526C2004B7E96 /* ExtensiveCellTests.xctest */,
			);
			name = Products;
			sourceTree = "<group>";
		};
		5A85D14E182526C2004B7E96 /* Frameworks */ = {
			isa = PBXGroup;
			children = (
				5A85D14F182526C2004B7E96 /* Foundation.framework */,
				5A85D151182526C2004B7E96 /* CoreGraphics.framework */,
				5A85D153182526C2004B7E96 /* UIKit.framework */,
				5A85D16E182526C2004B7E96 /* XCTest.framework */,
			);
			name = Frameworks;
			sourceTree = "<group>";
		};
		5A85D155182526C2004B7E96 /* ExtensiveCell */ = {
			isa = PBXGroup;
			children = (
				5A9DF668182D6C31008C37C0 /* ECViewController.h */,
				5A9DF669182D6C31008C37C0 /* ECViewController.m */,
				5A85D18E18253395004B7E96 /* ExtensiveCellContainer */,
				5A85D156182526C2004B7E96 /* Supporting Files */,
			);
			path = ExtensiveCell;
			sourceTree = "<group>";
		};
		5A85D156182526C2004B7E96 /* Supporting Files */ = {
			isa = PBXGroup;
			children = (
				5A85D15E182526C2004B7E96 /* ECAppDelegate.h */,
				5A85D15F182526C2004B7E96 /* ECAppDelegate.m */,
				5A85D167182526C2004B7E96 /* Images.xcassets */,
				5A85D157182526C2004B7E96 /* ExtensiveCell-Info.plist */,
				5A85D158182526C2004B7E96 /* InfoPlist.strings */,
				5A85D15B182526C2004B7E96 /* main.m */,
				5A85D15D182526C2004B7E96 /* ExtensiveCell-Prefix.pch */,
			);
			name = "Supporting Files";
			sourceTree = "<group>";
		};
		5A85D174182526C2004B7E96 /* ExtensiveCellTests */ = {
			isa = PBXGroup;
			children = (
				5A85D17A182526C2004B7E96 /* ExtensiveCellTests.m */,
				5A85D175182526C2004B7E96 /* Supporting Files */,
			);
			path = ExtensiveCellTests;
			sourceTree = "<group>";
		};
		5A85D175182526C2004B7E96 /* Supporting Files */ = {
			isa = PBXGroup;
			children = (
				5A85D176182526C2004B7E96 /* ExtensiveCellTests-Info.plist */,
				5A85D177182526C2004B7E96 /* InfoPlist.strings */,
			);
			name = "Supporting Files";
			sourceTree = "<group>";
		};
		5A85D18E18253395004B7E96 /* ExtensiveCellContainer */ = {
			isa = PBXGroup;
			children = (
				5A9DF66B182D6C45008C37C0 /* ExtensiveCellContainer.h */,
				5A9DF66C182D6C45008C37C0 /* ExtensiveCellContainer.m */,
				5A9DF66D182D6C45008C37C0 /* ExtensiveCellContainer.xib */,
			);
			name = ExtensiveCellContainer;
			sourceTree = "<group>";
		};
/* End PBXGroup section */

/* Begin PBXNativeTarget section */
		5A85D14B182526C2004B7E96 /* ExtensiveCell */ = {
			isa = PBXNativeTarget;
			buildConfigurationList = 5A85D17E182526C2004B7E96 /* Build configuration list for PBXNativeTarget "ExtensiveCell" */;
			buildPhases = (
				5A85D148182526C2004B7E96 /* Sources */,
				5A85D149182526C2004B7E96 /* Frameworks */,
				5A85D14A182526C2004B7E96 /* Resources */,
			);
			buildRules = (
			);
			dependencies = (
			);
			name = ExtensiveCell;
			productName = ExtensiveCell;
			productReference = 5A85D14C182526C2004B7E96 /* ExtensiveCell.app */;
			productType = "com.apple.product-type.application";
		};
		5A85D16C182526C2004B7E96 /* ExtensiveCellTests */ = {
			isa = PBXNativeTarget;
			buildConfigurationList = 5A85D181182526C2004B7E96 /* Build configuration list for PBXNativeTarget "ExtensiveCellTests" */;
			buildPhases = (
				5A85D169182526C2004B7E96 /* Sources */,
				5A85D16A182526C2004B7E96 /* Frameworks */,
				5A85D16B182526C2004B7E96 /* Resources */,
			);
			buildRules = (
			);
			dependencies = (
				5A85D173182526C2004B7E96 /* PBXTargetDependency */,
			);
			name = ExtensiveCellTests;
			productName = ExtensiveCellTests;
			productReference = 5A85D16D182526C2004B7E96 /* ExtensiveCellTests.xctest */;
			productType = "com.apple.product-type.bundle.unit-test";
		};
/* End PBXNativeTarget section */

/* Begin PBXProject section */
		5A85D144182526C2004B7E96 /* Project object */ = {
			isa = PBXProject;
			attributes = {
				CLASSPREFIX = EC;
				LastUpgradeCheck = 0500;
				ORGANIZATIONNAME = "Tanguy Hélesbeux";
				TargetAttributes = {
					5A85D16C182526C2004B7E96 = {
						TestTargetID = 5A85D14B182526C2004B7E96;
					};
				};
			};
			buildConfigurationList = 5A85D147182526C2004B7E96 /* Build configuration list for PBXProject "ExtensiveCell" */;
			compatibilityVersion = "Xcode 3.2";
			developmentRegion = English;
			hasScannedForEncodings = 0;
			knownRegions = (
				en,
				Base,
			);
			mainGroup = 5A85D143182526C2004B7E96;
			productRefGroup = 5A85D14D182526C2004B7E96 /* Products */;
			projectDirPath = "";
			projectRoot = "";
			targets = (
				5A85D14B182526C2004B7E96 /* ExtensiveCell */,
				5A85D16C182526C2004B7E96 /* ExtensiveCellTests */,
			);
		};
/* End PBXProject section */

/* Begin PBXResourcesBuildPhase section */
		5A85D14A182526C2004B7E96 /* Resources */ = {
			isa = PBXResourcesBuildPhase;
			buildActionMask = 2147483647;
			files = (
				5A85D168182526C2004B7E96 /* Images.xcassets in Resources */,
				5A85D15A182526C2004B7E96 /* InfoPlist.strings in Resources */,
				5A85D163182526C2004B7E96 /* Main.storyboard in Resources */,
				5A9DF66F182D6C45008C37C0 /* ExtensiveCellContainer.xib in Resources */,
			);
			runOnlyForDeploymentPostprocessing = 0;
		};
		5A85D16B182526C2004B7E96 /* Resources */ = {
			isa = PBXResourcesBuildPhase;
			buildActionMask = 2147483647;
			files = (
				5A85D179182526C2004B7E96 /* InfoPlist.strings in Resources */,
			);
			runOnlyForDeploymentPostprocessing = 0;
		};
/* End PBXResourcesBuildPhase section */

/* Begin PBXSourcesBuildPhase section */
		5A85D148182526C2004B7E96 /* Sources */ = {
			isa = PBXSourcesBuildPhase;
			buildActionMask = 2147483647;
			files = (
				5A44C89E1825AA4C00A06444 /* DemoViewController.m in Sources */,
				5A85D160182526C2004B7E96 /* ECAppDelegate.m in Sources */,
				5A85D15C182526C2004B7E96 /* main.m in Sources */,
				5A9DF66A182D6C31008C37C0 /* ECViewController.m in Sources */,
				5A9DF66E182D6C45008C37C0 /* ExtensiveCellContainer.m in Sources */,
			);
			runOnlyForDeploymentPostprocessing = 0;
		};
		5A85D169182526C2004B7E96 /* Sources */ = {
			isa = PBXSourcesBuildPhase;
			buildActionMask = 2147483647;
			files = (
				5A85D17B182526C2004B7E96 /* ExtensiveCellTests.m in Sources */,
			);
			runOnlyForDeploymentPostprocessing = 0;
		};
/* End PBXSourcesBuildPhase section */

/* Begin PBXTargetDependency section */
		5A85D173182526C2004B7E96 /* PBXTargetDependency */ = {
			isa = PBXTargetDependency;
			target = 5A85D14B182526C2004B7E96 /* ExtensiveCell */;
			targetProxy = 5A85D172182526C2004B7E96 /* PBXContainerItemProxy */;
		};
/* End PBXTargetDependency section */

/* Begin PBXVariantGroup section */
		5A85D158182526C2004B7E96 /* InfoPlist.strings */ = {
			isa = PBXVariantGroup;
			children = (
				5A85D159182526C2004B7E96 /* en */,
			);
			name = InfoPlist.strings;
			sourceTree = "<group>";
		};
		5A85D161182526C2004B7E96 /* Main.storyboard */ = {
			isa = PBXVariantGroup;
			children = (
				5A85D162182526C2004B7E96 /* Base */,
			);
			name = Main.storyboard;
			path = ExtensiveCell;
			sourceTree = "<group>";
		};
		5A85D177182526C2004B7E96 /* InfoPlist.strings */ = {
			isa = PBXVariantGroup;
			children = (
				5A85D178182526C2004B7E96 /* en */,
			);
			name = InfoPlist.strings;
			sourceTree = "<group>";
		};
/* End PBXVariantGroup section */

/* Begin XCBuildConfiguration section */
		5A85D17C182526C2004B7E96 /* Debug */ = {
			isa = XCBuildConfiguration;
			buildSettings = {
				ALWAYS_SEARCH_USER_PATHS = NO;
				ARCHS = "$(ARCHS_STANDARD_INCLUDING_64_BIT)";
				CLANG_CXX_LANGUAGE_STANDARD = "gnu++0x";
				CLANG_CXX_LIBRARY = "libc++";
				CLANG_ENABLE_MODULES = YES;
				CLANG_ENABLE_OBJC_ARC = YES;
				CLANG_WARN_BOOL_CONVERSION = YES;
				CLANG_WARN_CONSTANT_CONVERSION = YES;
				CLANG_WARN_DIRECT_OBJC_ISA_USAGE = YES_ERROR;
				CLANG_WARN_EMPTY_BODY = YES;
				CLANG_WARN_ENUM_CONVERSION = YES;
				CLANG_WARN_INT_CONVERSION = YES;
				CLANG_WARN_OBJC_ROOT_CLASS = YES_ERROR;
				CLANG_WARN__DUPLICATE_METHOD_MATCH = YES;
				"CODE_SIGN_IDENTITY[sdk=iphoneos*]" = "iPhone Developer";
				COPY_PHASE_STRIP = NO;
				GCC_C_LANGUAGE_STANDARD = gnu99;
				GCC_DYNAMIC_NO_PIC = NO;
				GCC_OPTIMIZATION_LEVEL = 0;
				GCC_PREPROCESSOR_DEFINITIONS = (
					"DEBUG=1",
					"$(inherited)",
				);
				GCC_SYMBOLS_PRIVATE_EXTERN = NO;
				GCC_WARN_64_TO_32_BIT_CONVERSION = YES;
				GCC_WARN_ABOUT_RETURN_TYPE = YES_ERROR;
				GCC_WARN_UNDECLARED_SELECTOR = YES;
				GCC_WARN_UNINITIALIZED_AUTOS = YES;
				GCC_WARN_UNUSED_FUNCTION = YES;
				GCC_WARN_UNUSED_VARIABLE = YES;
				IPHONEOS_DEPLOYMENT_TARGET = 7.0;
				ONLY_ACTIVE_ARCH = YES;
				SDKROOT = iphoneos;
			};
			name = Debug;
		};
		5A85D17D182526C2004B7E96 /* Release */ = {
			isa = XCBuildConfiguration;
			buildSettings = {
				ALWAYS_SEARCH_USER_PATHS = NO;
				ARCHS = "$(ARCHS_STANDARD_INCLUDING_64_BIT)";
				CLANG_CXX_LANGUAGE_STANDARD = "gnu++0x";
				CLANG_CXX_LIBRARY = "libc++";
				CLANG_ENABLE_MODULES = YES;
				CLANG_ENABLE_OBJC_ARC = YES;
				CLANG_WARN_BOOL_CONVERSION = YES;
				CLANG_WARN_CONSTANT_CONVERSION = YES;
				CLANG_WARN_DIRECT_OBJC_ISA_USAGE = YES_ERROR;
				CLANG_WARN_EMPTY_BODY = YES;
				CLANG_WARN_ENUM_CONVERSION = YES;
				CLANG_WARN_INT_CONVERSION = YES;
				CLANG_WARN_OBJC_ROOT_CLASS = YES_ERROR;
				CLANG_WARN__DUPLICATE_METHOD_MATCH = YES;
				"CODE_SIGN_IDENTITY[sdk=iphoneos*]" = "iPhone Developer";
				COPY_PHASE_STRIP = YES;
				ENABLE_NS_ASSERTIONS = NO;
				GCC_C_LANGUAGE_STANDARD = gnu99;
				GCC_WARN_64_TO_32_BIT_CONVERSION = YES;
				GCC_WARN_ABOUT_RETURN_TYPE = YES_ERROR;
				GCC_WARN_UNDECLARED_SELECTOR = YES;
				GCC_WARN_UNINITIALIZED_AUTOS = YES;
				GCC_WARN_UNUSED_FUNCTION = YES;
				GCC_WARN_UNUSED_VARIABLE = YES;
				IPHONEOS_DEPLOYMENT_TARGET = 7.0;
				SDKROOT = iphoneos;
				VALIDATE_PRODUCT = YES;
			};
			name = Release;
		};
		5A85D17F182526C2004B7E96 /* Debug */ = {
			isa = XCBuildConfiguration;
			buildSettings = {
				ASSETCATALOG_COMPILER_APPICON_NAME = AppIcon;
				ASSETCATALOG_COMPILER_LAUNCHIMAGE_NAME = LaunchImage;
				GCC_PRECOMPILE_PREFIX_HEADER = YES;
				GCC_PREFIX_HEADER = "ExtensiveCell/ExtensiveCell-Prefix.pch";
				INFOPLIST_FILE = "ExtensiveCell/ExtensiveCell-Info.plist";
				IPHONEOS_DEPLOYMENT_TARGET = 6.0;
				PRODUCT_NAME = "$(TARGET_NAME)";
				WRAPPER_EXTENSION = app;
			};
			name = Debug;
		};
		5A85D180182526C2004B7E96 /* Release */ = {
			isa = XCBuildConfiguration;
			buildSettings = {
				ASSETCATALOG_COMPILER_APPICON_NAME = AppIcon;
				ASSETCATALOG_COMPILER_LAUNCHIMAGE_NAME = LaunchImage;
				GCC_PRECOMPILE_PREFIX_HEADER = YES;
				GCC_PREFIX_HEADER = "ExtensiveCell/ExtensiveCell-Prefix.pch";
				INFOPLIST_FILE = "ExtensiveCell/ExtensiveCell-Info.plist";
				IPHONEOS_DEPLOYMENT_TARGET = 6.0;
				PRODUCT_NAME = "$(TARGET_NAME)";
				WRAPPER_EXTENSION = app;
			};
			name = Release;
		};
		5A85D182182526C2004B7E96 /* Debug */ = {
			isa = XCBuildConfiguration;
			buildSettings = {
				ARCHS = "$(ARCHS_STANDARD_INCLUDING_64_BIT)";
				BUNDLE_LOADER = "$(BUILT_PRODUCTS_DIR)/ExtensiveCell.app/ExtensiveCell";
				FRAMEWORK_SEARCH_PATHS = (
					"$(SDKROOT)/Developer/Library/Frameworks",
					"$(inherited)",
					"$(DEVELOPER_FRAMEWORKS_DIR)",
				);
				GCC_PRECOMPILE_PREFIX_HEADER = YES;
				GCC_PREFIX_HEADER = "ExtensiveCell/ExtensiveCell-Prefix.pch";
				GCC_PREPROCESSOR_DEFINITIONS = (
					"DEBUG=1",
					"$(inherited)",
				);
				INFOPLIST_FILE = "ExtensiveCellTests/ExtensiveCellTests-Info.plist";
				PRODUCT_NAME = "$(TARGET_NAME)";
				TEST_HOST = "$(BUNDLE_LOADER)";
				WRAPPER_EXTENSION = xctest;
			};
			name = Debug;
		};
		5A85D183182526C2004B7E96 /* Release */ = {
			isa = XCBuildConfiguration;
			buildSettings = {
				ARCHS = "$(ARCHS_STANDARD_INCLUDING_64_BIT)";
				BUNDLE_LOADER = "$(BUILT_PRODUCTS_DIR)/ExtensiveCell.app/ExtensiveCell";
				FRAMEWORK_SEARCH_PATHS = (
					"$(SDKROOT)/Developer/Library/Frameworks",
					"$(inherited)",
					"$(DEVELOPER_FRAMEWORKS_DIR)",
				);
				GCC_PRECOMPILE_PREFIX_HEADER = YES;
				GCC_PREFIX_HEADER = "ExtensiveCell/ExtensiveCell-Prefix.pch";
				INFOPLIST_FILE = "ExtensiveCellTests/ExtensiveCellTests-Info.plist";
				PRODUCT_NAME = "$(TARGET_NAME)";
				TEST_HOST = "$(BUNDLE_LOADER)";
				WRAPPER_EXTENSION = xctest;
			};
			name = Release;
		};
/* End XCBuildConfiguration section */

/* Begin XCConfigurationList section */
		5A85D147182526C2004B7E96 /* Build configuration list for PBXProject "ExtensiveCell" */ = {
			isa = XCConfigurationList;
			buildConfigurations = (
				5A85D17C182526C2004B7E96 /* Debug */,
				5A85D17D182526C2004B7E96 /* Release */,
			);
			defaultConfigurationIsVisible = 0;
			defaultConfigurationName = Release;
		};
		5A85D17E182526C2004B7E96 /* Build configuration list for PBXNativeTarget "ExtensiveCell" */ = {
			isa = XCConfigurationList;
			buildConfigurations = (
				5A85D17F182526C2004B7E96 /* Debug */,
				5A85D180182526C2004B7E96 /* Release */,
			);
			defaultConfigurationIsVisible = 0;
			defaultConfigurationName = Release;
		};
		5A85D181182526C2004B7E96 /* Build configuration list for PBXNativeTarget "ExtensiveCellTests" */ = {
			isa = XCConfigurationList;
			buildConfigurations = (
				5A85D182182526C2004B7E96 /* Debug */,
				5A85D183182526C2004B7E96 /* Release */,
			);
			defaultConfigurationIsVisible = 0;
			defaultConfigurationName = Release;
		};
/* End XCConfigurationList section */
	};
	rootObject = 5A85D144182526C2004B7E96 /* Project object */;
}
